
Microsoft Visual Studio Solution File, Format Version 12.00
# Visual Studio 15
VisualStudioVersion = 15.0.28307.329
MinimumVisualStudioVersion = 10.0.40219.1
Project("{FAE04EC0-301F-11D3-BF4B-00C04F79EFBC}") = "HashcodeTeamMak", "HashcodeTeamMak\HashcodeTeamMak.csproj", "{84EF3CE7-027F-45B5-857A-44ED4F355966}"
EndProject
Global
	GlobalSection(SolutionConfigurationPlatforms) = preSolution
		Debug|Any CPU = Debug|Any CPU
		Release|Any CPU = Release|Any CPU
	EndGlobalSection
	GlobalSection(ProjectConfigurationPlatforms) = postSolution
		{84EF3CE7-027F-45B5-857A-44ED4F355966}.Debug|Any CPU.ActiveCfg = Debug|Any CPU
		{84EF3CE7-027F-45B5-857A-44ED4F355966}.Debug|Any CPU.Build.0 = Debug|Any CPU
		{84EF3CE7-027F-45B5-857A-44ED4F355966}.Release|Any CPU.ActiveCfg = Release|Any CPU
		{84EF3CE7-027F-45B5-857A-44ED4F355966}.Release|Any CPU.Build.0 = Release|Any CPU
	EndGlobalSection
	GlobalSection(SolutionProperties) = preSolution
		HideSolutionNode = FALSE
	EndGlobalSection
	GlobalSection(ExtensibilityGlobals) = postSolution
		SolutionGuid = {D694675F-76B8-46CA-808E-669682338C51}
	EndGlobalSection
EndGlobal
